
Microsoft Visual Studio Solution File, Format Version 12.00
# Visual Studio 15
VisualStudioVersion = 15.0.26730.16
MinimumVisualStudioVersion = 10.0.40219.1
Project("{FAE04EC0-301F-11D3-BF4B-00C04F79EFBC}") = "Vegeby.ComponentModel.ModelBase", "Vegeby.ComponentModel.ModelBase\Vegeby.ComponentModel.ModelBase.csproj", "{94155EAA-336B-4598-8EF7-35D96B4B0DB6}"
EndProject
Project("{2150E333-8FDC-42A3-9474-1A3956D46DE8}") = "Solution Files", "Solution Files", "{4F6C89E5-D4DC-4CAC-88E8-AB572E3BD53E}"
	ProjectSection(SolutionItems) = preProject
		.gitattributes = .gitattributes
		.gitignore = .gitignore
		README.md = README.md
	EndProjectSection
EndProject
Global
	GlobalSection(SolutionConfigurationPlatforms) = preSolution
		Debug|Any CPU = Debug|Any CPU
		Release|Any CPU = Release|Any CPU
	EndGlobalSection
	GlobalSection(ProjectConfigurationPlatforms) = postSolution
		{94155EAA-336B-4598-8EF7-35D96B4B0DB6}.Debug|Any CPU.ActiveCfg = Debug|Any CPU
		{94155EAA-336B-4598-8EF7-35D96B4B0DB6}.Debug|Any CPU.Build.0 = Debug|Any CPU
		{94155EAA-336B-4598-8EF7-35D96B4B0DB6}.Release|Any CPU.ActiveCfg = Release|Any CPU
		{94155EAA-336B-4598-8EF7-35D96B4B0DB6}.Release|Any CPU.Build.0 = Release|Any CPU
	EndGlobalSection
	GlobalSection(SolutionProperties) = preSolution
		HideSolutionNode = FALSE
	EndGlobalSection
	GlobalSection(ExtensibilityGlobals) = postSolution
		SolutionGuid = {99F07278-A976-4F5A-801F-CBCD716DE4E3}
	EndGlobalSection
EndGlobal
